// !$*UTF8*$!
{
	archiveVersion = 1;
	classes = {
	};
	objectVersion = 52;
	objects = {

/* Begin PBXBuildFile section */
		B74194C02442ACDA00614A6B /* AppDelegate.swift in Sources */ = {isa = PBXBuildFile; fileRef = B74194BF2442ACDA00614A6B /* AppDelegate.swift */; };
		B74194C22442ACDA00614A6B /* SceneDelegate.swift in Sources */ = {isa = PBXBuildFile; fileRef = B74194C12442ACDA00614A6B /* SceneDelegate.swift */; };
		B74194C72442ACDA00614A6B /* Main.storyboard in Resources */ = {isa = PBXBuildFile; fileRef = B74194C52442ACDA00614A6B /* Main.storyboard */; };
		B74194CA2442ACDA00614A6B /* Pixabay.xcdatamodeld in Sources */ = {isa = PBXBuildFile; fileRef = B74194C82442ACDA00614A6B /* Pixabay.xcdatamodeld */; };
		B74194CC2442ACDD00614A6B /* Assets.xcassets in Resources */ = {isa = PBXBuildFile; fileRef = B74194CB2442ACDD00614A6B /* Assets.xcassets */; };
		B74194CF2442ACDD00614A6B /* LaunchScreen.storyboard in Resources */ = {isa = PBXBuildFile; fileRef = B74194CD2442ACDD00614A6B /* LaunchScreen.storyboard */; };
		B757059F2442B3FD00051B7B /* FavoriteViewController.swift in Sources */ = {isa = PBXBuildFile; fileRef = B757059E2442B3FD00051B7B /* FavoriteViewController.swift */; };
		B75705A12442B40A00051B7B /* DetailViewController.swift in Sources */ = {isa = PBXBuildFile; fileRef = B75705A02442B40A00051B7B /* DetailViewController.swift */; };
		B75705A42442B4FF00051B7B /* PhotoCell.swift in Sources */ = {isa = PBXBuildFile; fileRef = B75705A32442B4FF00051B7B /* PhotoCell.swift */; };
		B75705A62442B64300051B7B /* SearchViewController.swift in Sources */ = {isa = PBXBuildFile; fileRef = B75705A52442B64300051B7B /* SearchViewController.swift */; };
		B75705A82442BC0500051B7B /* EmptyView.swift in Sources */ = {isa = PBXBuildFile; fileRef = B75705A72442BC0500051B7B /* EmptyView.swift */; };
		B75705AB2442BF7A00051B7B /* ImageKit in Frameworks */ = {isa = PBXBuildFile; productRef = B75705AA2442BF7A00051B7B /* ImageKit */; };
		B75705AE2443C14900051B7B /* PhotosApiClient.swift in Sources */ = {isa = PBXBuildFile; fileRef = B75705AD2443C14900051B7B /* PhotosApiClient.swift */; };
		B75705B02443C16200051B7B /* Photo.swift in Sources */ = {isa = PBXBuildFile; fileRef = B75705AF2443C16200051B7B /* Photo.swift */; };
		B75705B22443C60400051B7B /* Secrets.swift in Sources */ = {isa = PBXBuildFile; fileRef = B75705B12443C60400051B7B /* Secrets.swift */; };
		B75705B52443D73800051B7B /* CoreDataManager.swift in Sources */ = {isa = PBXBuildFile; fileRef = B75705B42443D73800051B7B /* CoreDataManager.swift */; };
		B75705BC2443D97400051B7B /* FavoritePhoto+CoreDataClass.swift in Sources */ = {isa = PBXBuildFile; fileRef = B75705BA2443D97400051B7B /* FavoritePhoto+CoreDataClass.swift */; };
		B75705BD2443D97400051B7B /* FavoritePhoto+CoreDataProperties.swift in Sources */ = {isa = PBXBuildFile; fileRef = B75705BB2443D97400051B7B /* FavoritePhoto+CoreDataProperties.swift */; };
/* End PBXBuildFile section */

/* Begin PBXFileReference section */
		B74194BC2442ACDA00614A6B /* Pixabay.app */ = {isa = PBXFileReference; explicitFileType = wrapper.application; includeInIndex = 0; path = Pixabay.app; sourceTree = BUILT_PRODUCTS_DIR; };
		B74194BF2442ACDA00614A6B /* AppDelegate.swift */ = {isa = PBXFileReference; lastKnownFileType = sourcecode.swift; path = AppDelegate.swift; sourceTree = "<group>"; };
		B74194C12442ACDA00614A6B /* SceneDelegate.swift */ = {isa = PBXFileReference; lastKnownFileType = sourcecode.swift; path = SceneDelegate.swift; sourceTree = "<group>"; };
		B74194C62442ACDA00614A6B /* Base */ = {isa = PBXFileReference; lastKnownFileType = file.storyboard; name = Base; path = Base.lproj/Main.storyboard; sourceTree = "<group>"; };
		B74194C92442ACDA00614A6B /* Pixabay.xcdatamodel */ = {isa = PBXFileReference; lastKnownFileType = wrapper.xcdatamodel; path = Pixabay.xcdatamodel; sourceTree = "<group>"; };
		B74194CB2442ACDD00614A6B /* Assets.xcassets */ = {isa = PBXFileReference; lastKnownFileType = folder.assetcatalog; path = Assets.xcassets; sourceTree = "<group>"; };
		B74194CE2442ACDD00614A6B /* Base */ = {isa = PBXFileReference; lastKnownFileType = file.storyboard; name = Base; path = Base.lproj/LaunchScreen.storyboard; sourceTree = "<group>"; };
		B74194D02442ACDD00614A6B /* Info.plist */ = {isa = PBXFileReference; lastKnownFileType = text.plist.xml; path = Info.plist; sourceTree = "<group>"; };
		B757059E2442B3FD00051B7B /* FavoriteViewController.swift */ = {isa = PBXFileReference; lastKnownFileType = sourcecode.swift; path = FavoriteViewController.swift; sourceTree = "<group>"; };
		B75705A02442B40A00051B7B /* DetailViewController.swift */ = {isa = PBXFileReference; lastKnownFileType = sourcecode.swift; path = DetailViewController.swift; sourceTree = "<group>"; };
		B75705A32442B4FF00051B7B /* PhotoCell.swift */ = {isa = PBXFileReference; lastKnownFileType = sourcecode.swift; path = PhotoCell.swift; sourceTree = "<group>"; };
		B75705A52442B64300051B7B /* SearchViewController.swift */ = {isa = PBXFileReference; lastKnownFileType = sourcecode.swift; path = SearchViewController.swift; sourceTree = "<group>"; };
		B75705A72442BC0500051B7B /* EmptyView.swift */ = {isa = PBXFileReference; lastKnownFileType = sourcecode.swift; path = EmptyView.swift; sourceTree = "<group>"; };
		B75705AD2443C14900051B7B /* PhotosApiClient.swift */ = {isa = PBXFileReference; lastKnownFileType = sourcecode.swift; path = PhotosApiClient.swift; sourceTree = "<group>"; };
		B75705AF2443C16200051B7B /* Photo.swift */ = {isa = PBXFileReference; lastKnownFileType = sourcecode.swift; path = Photo.swift; sourceTree = "<group>"; };
		B75705B12443C60400051B7B /* Secrets.swift */ = {isa = PBXFileReference; lastKnownFileType = sourcecode.swift; path = Secrets.swift; sourceTree = "<group>"; };
		B75705B42443D73800051B7B /* CoreDataManager.swift */ = {isa = PBXFileReference; lastKnownFileType = sourcecode.swift; path = CoreDataManager.swift; sourceTree = "<group>"; };
		B75705BA2443D97400051B7B /* FavoritePhoto+CoreDataClass.swift */ = {isa = PBXFileReference; lastKnownFileType = sourcecode.swift; path = "FavoritePhoto+CoreDataClass.swift"; sourceTree = "<group>"; };
		B75705BB2443D97400051B7B /* FavoritePhoto+CoreDataProperties.swift */ = {isa = PBXFileReference; lastKnownFileType = sourcecode.swift; path = "FavoritePhoto+CoreDataProperties.swift"; sourceTree = "<group>"; };
/* End PBXFileReference section */

/* Begin PBXFrameworksBuildPhase section */
		B74194B92442ACDA00614A6B /* Frameworks */ = {
			isa = PBXFrameworksBuildPhase;
			buildActionMask = 2147483647;
			files = (
				B75705AB2442BF7A00051B7B /* ImageKit in Frameworks */,
			);
			runOnlyForDeploymentPostprocessing = 0;
		};
/* End PBXFrameworksBuildPhase section */

/* Begin PBXGroup section */
		B74194B32442ACDA00614A6B = {
			isa = PBXGroup;
			children = (
				B74194BE2442ACDA00614A6B /* Pixabay */,
				B74194BD2442ACDA00614A6B /* Products */,
			);
			sourceTree = "<group>";
		};
		B74194BD2442ACDA00614A6B /* Products */ = {
			isa = PBXGroup;
			children = (
				B74194BC2442ACDA00614A6B /* Pixabay.app */,
			);
			name = Products;
			sourceTree = "<group>";
		};
		B74194BE2442ACDA00614A6B /* Pixabay */ = {
			isa = PBXGroup;
			children = (
				B75705B12443C60400051B7B /* Secrets.swift */,
				B75705B42443D73800051B7B /* CoreDataManager.swift */,
				B75705B32443C69E00051B7B /* Model */,
				B75705AC2443C12300051B7B /* Networks */,
				B75705A22442B4D100051B7B /* Views */,
				B757059C2442B3D900051B7B /* Supporting files  */,
				B757059D2442B3EA00051B7B /* Controllers  */,
				B74194C52442ACDA00614A6B /* Main.storyboard */,
				B74194D02442ACDD00614A6B /* Info.plist */,
			);
			path = Pixabay;
			sourceTree = "<group>";
		};
		B757059C2442B3D900051B7B /* Supporting files  */ = {
			isa = PBXGroup;
			children = (
				B74194BF2442ACDA00614A6B /* AppDelegate.swift */,
				B74194C12442ACDA00614A6B /* SceneDelegate.swift */,
				B74194CB2442ACDD00614A6B /* Assets.xcassets */,
				B74194CD2442ACDD00614A6B /* LaunchScreen.storyboard */,
			);
			path = "Supporting files ";
			sourceTree = "<group>";
		};
		B757059D2442B3EA00051B7B /* Controllers  */ = {
			isa = PBXGroup;
			children = (
				B75705A52442B64300051B7B /* SearchViewController.swift */,
				B75705A02442B40A00051B7B /* DetailViewController.swift */,
				B757059E2442B3FD00051B7B /* FavoriteViewController.swift */,
			);
			path = "Controllers ";
			sourceTree = "<group>";
		};
		B75705A22442B4D100051B7B /* Views */ = {
			isa = PBXGroup;
			children = (
				B75705A32442B4FF00051B7B /* PhotoCell.swift */,
				B75705A72442BC0500051B7B /* EmptyView.swift */,
			);
			path = Views;
			sourceTree = "<group>";
		};
		B75705AC2443C12300051B7B /* Networks */ = {
			isa = PBXGroup;
			children = (
				B75705AD2443C14900051B7B /* PhotosApiClient.swift */,
			);
			path = Networks;
			sourceTree = "<group>";
		};
		B75705B32443C69E00051B7B /* Model */ = {
			isa = PBXGroup;
			children = (
				B75705BA2443D97400051B7B /* FavoritePhoto+CoreDataClass.swift */,
				B75705BB2443D97400051B7B /* FavoritePhoto+CoreDataProperties.swift */,
				B75705AF2443C16200051B7B /* Photo.swift */,
				B74194C82442ACDA00614A6B /* Pixabay.xcdatamodeld */,
			);
			path = Model;
			sourceTree = "<group>";
		};
/* End PBXGroup section */

/* Begin PBXNativeTarget section */
		B74194BB2442ACDA00614A6B /* Pixabay */ = {
			isa = PBXNativeTarget;
			buildConfigurationList = B74194D32442ACDD00614A6B /* Build configuration list for PBXNativeTarget "Pixabay" */;
			buildPhases = (
				B74194B82442ACDA00614A6B /* Sources */,
				B74194B92442ACDA00614A6B /* Frameworks */,
				B74194BA2442ACDA00614A6B /* Resources */,
			);
			buildRules = (
			);
			dependencies = (
			);
			name = Pixabay;
			packageProductDependencies = (
				B75705AA2442BF7A00051B7B /* ImageKit */,
			);
			productName = Pixabay;
			productReference = B74194BC2442ACDA00614A6B /* Pixabay.app */;
			productType = "com.apple.product-type.application";
		};
/* End PBXNativeTarget section */

/* Begin PBXProject section */
		B74194B42442ACDA00614A6B /* Project object */ = {
			isa = PBXProject;
			attributes = {
				LastSwiftUpdateCheck = 1140;
				LastUpgradeCheck = 1140;
				ORGANIZATIONNAME = "Amy Alsaydi";
				TargetAttributes = {
					B74194BB2442ACDA00614A6B = {
						CreatedOnToolsVersion = 11.4;
					};
				};
			};
			buildConfigurationList = B74194B72442ACDA00614A6B /* Build configuration list for PBXProject "Pixabay" */;
			compatibilityVersion = "Xcode 9.3";
			developmentRegion = en;
			hasScannedForEncodings = 0;
			knownRegions = (
				en,
				Base,
			);
			mainGroup = B74194B32442ACDA00614A6B;
			packageReferences = (
				B75705A92442BF7A00051B7B /* XCRemoteSwiftPackageReference "ImageKit" */,
			);
			productRefGroup = B74194BD2442ACDA00614A6B /* Products */;
			projectDirPath = "";
			projectRoot = "";
			targets = (
				B74194BB2442ACDA00614A6B /* Pixabay */,
			);
		};
/* End PBXProject section */

/* Begin PBXResourcesBuildPhase section */
		B74194BA2442ACDA00614A6B /* Resources */ = {
			isa = PBXResourcesBuildPhase;
			buildActionMask = 2147483647;
			files = (
				B74194CF2442ACDD00614A6B /* LaunchScreen.storyboard in Resources */,
				B74194CC2442ACDD00614A6B /* Assets.xcassets in Resources */,
				B74194C72442ACDA00614A6B /* Main.storyboard in Resources */,
			);
			runOnlyForDeploymentPostprocessing = 0;
		};
/* End PBXResourcesBuildPhase section */

/* Begin PBXSourcesBuildPhase section */
		B74194B82442ACDA00614A6B /* Sources */ = {
			isa = PBXSourcesBuildPhase;
			buildActionMask = 2147483647;
			files = (
				B75705AE2443C14900051B7B /* PhotosApiClient.swift in Sources */,
				B75705A42442B4FF00051B7B /* PhotoCell.swift in Sources */,
				B75705A62442B64300051B7B /* SearchViewController.swift in Sources */,
				B74194C02442ACDA00614A6B /* AppDelegate.swift in Sources */,
				B75705B02443C16200051B7B /* Photo.swift in Sources */,
				B75705BC2443D97400051B7B /* FavoritePhoto+CoreDataClass.swift in Sources */,
				B74194CA2442ACDA00614A6B /* Pixabay.xcdatamodeld in Sources */,
				B75705B52443D73800051B7B /* CoreDataManager.swift in Sources */,
				B75705A82442BC0500051B7B /* EmptyView.swift in Sources */,
				B75705A12442B40A00051B7B /* DetailViewController.swift in Sources */,
				B74194C22442ACDA00614A6B /* SceneDelegate.swift in Sources */,
				B757059F2442B3FD00051B7B /* FavoriteViewController.swift in Sources */,
				B75705BD2443D97400051B7B /* FavoritePhoto+CoreDataProperties.swift in Sources */,
				B75705B22443C60400051B7B /* Secrets.swift in Sources */,
			);
			runOnlyForDeploymentPostprocessing = 0;
		};
/* End PBXSourcesBuildPhase section */

/* Begin PBXVariantGroup section */
		B74194C52442ACDA00614A6B /* Main.storyboard */ = {
			isa = PBXVariantGroup;
			children = (
				B74194C62442ACDA00614A6B /* Base */,
			);
			name = Main.storyboard;
			sourceTree = "<group>";
		};
		B74194CD2442ACDD00614A6B /* LaunchScreen.storyboard */ = {
			isa = PBXVariantGroup;
			children = (
				B74194CE2442ACDD00614A6B /* Base */,
			);
			name = LaunchScreen.storyboard;
			sourceTree = "<group>";
		};
/* End PBXVariantGroup section */

/* Begin XCBuildConfiguration section */
		B74194D12442ACDD00614A6B /* Debug */ = {
			isa = XCBuildConfiguration;
			buildSettings = {
				ALWAYS_SEARCH_USER_PATHS = NO;
				CLANG_ANALYZER_NONNULL = YES;
				CLANG_ANALYZER_NUMBER_OBJECT_CONVERSION = YES_AGGRESSIVE;
				CLANG_CXX_LANGUAGE_STANDARD = "gnu++14";
				CLANG_CXX_LIBRARY = "libc++";
				CLANG_ENABLE_MODULES = YES;
				CLANG_ENABLE_OBJC_ARC = YES;
				CLANG_ENABLE_OBJC_WEAK = YES;
				CLANG_WARN_BLOCK_CAPTURE_AUTORELEASING = YES;
				CLANG_WARN_BOOL_CONVERSION = YES;
				CLANG_WARN_COMMA = YES;
				CLANG_WARN_CONSTANT_CONVERSION = YES;
				CLANG_WARN_DEPRECATED_OBJC_IMPLEMENTATIONS = YES;
				CLANG_WARN_DIRECT_OBJC_ISA_USAGE = YES_ERROR;
				CLANG_WARN_DOCUMENTATION_COMMENTS = YES;
				CLANG_WARN_EMPTY_BODY = YES;
				CLANG_WARN_ENUM_CONVERSION = YES;
				CLANG_WARN_INFINITE_RECURSION = YES;
				CLANG_WARN_INT_CONVERSION = YES;
				CLANG_WARN_NON_LITERAL_NULL_CONVERSION = YES;
				CLANG_WARN_OBJC_IMPLICIT_RETAIN_SELF = YES;
				CLANG_WARN_OBJC_LITERAL_CONVERSION = YES;
				CLANG_WARN_OBJC_ROOT_CLASS = YES_ERROR;
				CLANG_WARN_RANGE_LOOP_ANALYSIS = YES;
				CLANG_WARN_STRICT_PROTOTYPES = YES;
				CLANG_WARN_SUSPICIOUS_MOVE = YES;
				CLANG_WARN_UNGUARDED_AVAILABILITY = YES_AGGRESSIVE;
				CLANG_WARN_UNREACHABLE_CODE = YES;
				CLANG_WARN__DUPLICATE_METHOD_MATCH = YES;
				COPY_PHASE_STRIP = NO;
				DEBUG_INFORMATION_FORMAT = dwarf;
				ENABLE_STRICT_OBJC_MSGSEND = YES;
				ENABLE_TESTABILITY = YES;
				GCC_C_LANGUAGE_STANDARD = gnu11;
				GCC_DYNAMIC_NO_PIC = NO;
				GCC_NO_COMMON_BLOCKS = YES;
				GCC_OPTIMIZATION_LEVEL = 0;
				GCC_PREPROCESSOR_DEFINITIONS = (
					"DEBUG=1",
					"$(inherited)",
				);
				GCC_WARN_64_TO_32_BIT_CONVERSION = YES;
				GCC_WARN_ABOUT_RETURN_TYPE = YES_ERROR;
				GCC_WARN_UNDECLARED_SELECTOR = YES;
				GCC_WARN_UNINITIALIZED_AUTOS = YES_AGGRESSIVE;
				GCC_WARN_UNUSED_FUNCTION = YES;
				GCC_WARN_UNUSED_VARIABLE = YES;
				IPHONEOS_DEPLOYMENT_TARGET = 13.4;
				MTL_ENABLE_DEBUG_INFO = INCLUDE_SOURCE;
				MTL_FAST_MATH = YES;
				ONLY_ACTIVE_ARCH = YES;
				SDKROOT = iphoneos;
				SWIFT_ACTIVE_COMPILATION_CONDITIONS = DEBUG;
				SWIFT_OPTIMIZATION_LEVEL = "-Onone";
			};
			name = Debug;
		};
		B74194D22442ACDD00614A6B /* Release */ = {
			isa = XCBuildConfiguration;
			buildSettings = {
				ALWAYS_SEARCH_USER_PATHS = NO;
				CLANG_ANALYZER_NONNULL = YES;
				CLANG_ANALYZER_NUMBER_OBJECT_CONVERSION = YES_AGGRESSIVE;
				CLANG_CXX_LANGUAGE_STANDARD = "gnu++14";
				CLANG_CXX_LIBRARY = "libc++";
				CLANG_ENABLE_MODULES = YES;
				CLANG_ENABLE_OBJC_ARC = YES;
				CLANG_ENABLE_OBJC_WEAK = YES;
				CLANG_WARN_BLOCK_CAPTURE_AUTORELEASING = YES;
				CLANG_WARN_BOOL_CONVERSION = YES;
				CLANG_WARN_COMMA = YES;
				CLANG_WARN_CONSTANT_CONVERSION = YES;
				CLANG_WARN_DEPRECATED_OBJC_IMPLEMENTATIONS = YES;
				CLANG_WARN_DIRECT_OBJC_ISA_USAGE = YES_ERROR;
				CLANG_WARN_DOCUMENTATION_COMMENTS = YES;
				CLANG_WARN_EMPTY_BODY = YES;
				CLANG_WARN_ENUM_CONVERSION = YES;
				CLANG_WARN_INFINITE_RECURSION = YES;
				CLANG_WARN_INT_CONVERSION = YES;
				CLANG_WARN_NON_LITERAL_NULL_CONVERSION = YES;
				CLANG_WARN_OBJC_IMPLICIT_RETAIN_SELF = YES;
				CLANG_WARN_OBJC_LITERAL_CONVERSION = YES;
				CLANG_WARN_OBJC_ROOT_CLASS = YES_ERROR;
				CLANG_WARN_RANGE_LOOP_ANALYSIS = YES;
				CLANG_WARN_STRICT_PROTOTYPES = YES;
				CLANG_WARN_SUSPICIOUS_MOVE = YES;
				CLANG_WARN_UNGUARDED_AVAILABILITY = YES_AGGRESSIVE;
				CLANG_WARN_UNREACHABLE_CODE = YES;
				CLANG_WARN__DUPLICATE_METHOD_MATCH = YES;
				COPY_PHASE_STRIP = NO;
				DEBUG_INFORMATION_FORMAT = "dwarf-with-dsym";
				ENABLE_NS_ASSERTIONS = NO;
				ENABLE_STRICT_OBJC_MSGSEND = YES;
				GCC_C_LANGUAGE_STANDARD = gnu11;
				GCC_NO_COMMON_BLOCKS = YES;
				GCC_WARN_64_TO_32_BIT_CONVERSION = YES;
				GCC_WARN_ABOUT_RETURN_TYPE = YES_ERROR;
				GCC_WARN_UNDECLARED_SELECTOR = YES;
				GCC_WARN_UNINITIALIZED_AUTOS = YES_AGGRESSIVE;
				GCC_WARN_UNUSED_FUNCTION = YES;
				GCC_WARN_UNUSED_VARIABLE = YES;
				IPHONEOS_DEPLOYMENT_TARGET = 13.4;
				MTL_ENABLE_DEBUG_INFO = NO;
				MTL_FAST_MATH = YES;
				SDKROOT = iphoneos;
				SWIFT_COMPILATION_MODE = wholemodule;
				SWIFT_OPTIMIZATION_LEVEL = "-O";
				VALIDATE_PRODUCT = YES;
			};
			name = Release;
		};
		B74194D42442ACDD00614A6B /* Debug */ = {
			isa = XCBuildConfiguration;
			buildSettings = {
				ASSETCATALOG_COMPILER_APPICON_NAME = AppIcon;
				CODE_SIGN_STYLE = Automatic;
				DEVELOPMENT_TEAM = WDT827LK75;
				INFOPLIST_FILE = Pixabay/Info.plist;
				LD_RUNPATH_SEARCH_PATHS = (
					"$(inherited)",
					"@executable_path/Frameworks",
				);
				PRODUCT_BUNDLE_IDENTIFIER = com.Amy.Pixabay;
				PRODUCT_NAME = "$(TARGET_NAME)";
				SWIFT_VERSION = 5.0;
				TARGETED_DEVICE_FAMILY = "1,2";
			};
			name = Debug;
		};
		B74194D52442ACDD00614A6B /* Release */ = {
			isa = XCBuildConfiguration;
			buildSettings = {
				ASSETCATALOG_COMPILER_APPICON_NAME = AppIcon;
				CODE_SIGN_STYLE = Automatic;
				DEVELOPMENT_TEAM = WDT827LK75;
				INFOPLIST_FILE = Pixabay/Info.plist;
				LD_RUNPATH_SEARCH_PATHS = (
					"$(inherited)",
					"@executable_path/Frameworks",
				);
				PRODUCT_BUNDLE_IDENTIFIER = com.Amy.Pixabay;
				PRODUCT_NAME = "$(TARGET_NAME)";
				SWIFT_VERSION = 5.0;
				TARGETED_DEVICE_FAMILY = "1,2";
			};
			name = Release;
		};
/* End XCBuildConfiguration section */

/* Begin XCConfigurationList section */
		B74194B72442ACDA00614A6B /* Build configuration list for PBXProject "Pixabay" */ = {
			isa = XCConfigurationList;
			buildConfigurations = (
				B74194D12442ACDD00614A6B /* Debug */,
				B74194D22442ACDD00614A6B /* Release */,
			);
			defaultConfigurationIsVisible = 0;
			defaultConfigurationName = Release;
		};
		B74194D32442ACDD00614A6B /* Build configuration list for PBXNativeTarget "Pixabay" */ = {
			isa = XCConfigurationList;
			buildConfigurations = (
				B74194D42442ACDD00614A6B /* Debug */,
				B74194D52442ACDD00614A6B /* Release */,
			);
			defaultConfigurationIsVisible = 0;
			defaultConfigurationName = Release;
		};
/* End XCConfigurationList section */

/* Begin XCRemoteSwiftPackageReference section */
		B75705A92442BF7A00051B7B /* XCRemoteSwiftPackageReference "ImageKit" */ = {
			isa = XCRemoteSwiftPackageReference;
			repositoryURL = "https://github.com/alexpaul/ImageKit";
			requirement = {
				kind = upToNextMajorVersion;
				minimumVersion = 1.0.5;
			};
		};
/* End XCRemoteSwiftPackageReference section */

/* Begin XCSwiftPackageProductDependency section */
		B75705AA2442BF7A00051B7B /* ImageKit */ = {
			isa = XCSwiftPackageProductDependency;
			package = B75705A92442BF7A00051B7B /* XCRemoteSwiftPackageReference "ImageKit" */;
			productName = ImageKit;
		};
/* End XCSwiftPackageProductDependency section */

/* Begin XCVersionGroup section */
		B74194C82442ACDA00614A6B /* Pixabay.xcdatamodeld */ = {
			isa = XCVersionGroup;
			children = (
				B74194C92442ACDA00614A6B /* Pixabay.xcdatamodel */,
			);
			currentVersion = B74194C92442ACDA00614A6B /* Pixabay.xcdatamodel */;
			path = Pixabay.xcdatamodeld;
			sourceTree = "<group>";
			versionGroupType = wrapper.xcdatamodel;
		};
/* End XCVersionGroup section */
	};
	rootObject = B74194B42442ACDA00614A6B /* Project object */;
}
